// !$*UTF8*$!
{
	archiveVersion = 1;
	classes = {
	};
	objectVersion = 56;
	objects = {

/* Begin PBXBuildFile section */
		5C478EBE2B4FB0F700558EAC /* main.cpp in Sources */ = {isa = PBXBuildFile; fileRef = 5C478EBD2B4FB0F700558EAC /* main.cpp */; };
		5CF7C1B12B508A0D0037E3A4 /* Tooter.cpp in Sources */ = {isa = PBXBuildFile; fileRef = 5CF7C1AF2B508A0D0037E3A4 /* Tooter.cpp */; };
		5CF7C1B32B508A2F0037E3A4 /* Player.cpp in Sources */ = {isa = PBXBuildFile; fileRef = 5CF7C1B22B508A2F0037E3A4 /* Player.cpp */; };
		5CF7C1B52B508A3B0037E3A4 /* Game.cpp in Sources */ = {isa = PBXBuildFile; fileRef = 5CF7C1B42B508A3B0037E3A4 /* Game.cpp */; };
		5CF7C1B72B508A540037E3A4 /* City.cpp in Sources */ = {isa = PBXBuildFile; fileRef = 5CF7C1B62B508A540037E3A4 /* City.cpp */; };
		5CF7C1B92B508A5F0037E3A4 /* utilities.cpp in Sources */ = {isa = PBXBuildFile; fileRef = 5CF7C1B82B508A5F0037E3A4 /* utilities.cpp */; };
		5CF7C1C12B50BB6C0037E3A4 /* History.cpp in Sources */ = {isa = PBXBuildFile; fileRef = 5CF7C1C02B50BB6C0037E3A4 /* History.cpp */; };
/* End PBXBuildFile section */

/* Begin PBXCopyFilesBuildPhase section */
		5C478EB82B4FB0F700558EAC /* CopyFiles */ = {
			isa = PBXCopyFilesBuildPhase;
			buildActionMask = 2147483647;
			dstPath = /usr/share/man/man1/;
			dstSubfolderSpec = 0;
			files = (
			);
			runOnlyForDeploymentPostprocessing = 1;
		};
/* End PBXCopyFilesBuildPhase section */

/* Begin PBXFileReference section */
		5C1BE8442B50D09B009A58E7 /* globals.h */ = {isa = PBXFileReference; lastKnownFileType = sourcecode.c.h; path = globals.h; sourceTree = "<group>"; };
		5C478EBA2B4FB0F700558EAC /* Project1 */ = {isa = PBXFileReference; explicitFileType = "compiled.mach-o.executable"; includeInIndex = 0; path = Project1; sourceTree = BUILT_PRODUCTS_DIR; };
		5C478EBD2B4FB0F700558EAC /* main.cpp */ = {isa = PBXFileReference; lastKnownFileType = sourcecode.cpp.cpp; path = main.cpp; sourceTree = "<group>"; };
		5CF7C1AF2B508A0D0037E3A4 /* Tooter.cpp */ = {isa = PBXFileReference; lastKnownFileType = sourcecode.cpp.cpp; path = Tooter.cpp; sourceTree = "<group>"; };
		5CF7C1B22B508A2F0037E3A4 /* Player.cpp */ = {isa = PBXFileReference; lastKnownFileType = sourcecode.cpp.cpp; path = Player.cpp; sourceTree = "<group>"; };
		5CF7C1B42B508A3B0037E3A4 /* Game.cpp */ = {isa = PBXFileReference; lastKnownFileType = sourcecode.cpp.cpp; path = Game.cpp; sourceTree = "<group>"; };
		5CF7C1B62B508A540037E3A4 /* City.cpp */ = {isa = PBXFileReference; lastKnownFileType = sourcecode.cpp.cpp; path = City.cpp; sourceTree = "<group>"; };
		5CF7C1B82B508A5F0037E3A4 /* utilities.cpp */ = {isa = PBXFileReference; lastKnownFileType = sourcecode.cpp.cpp; path = utilities.cpp; sourceTree = "<group>"; };
		5CF7C1BA2B508A690037E3A4 /* Tooter.h */ = {isa = PBXFileReference; lastKnownFileType = sourcecode.c.h; path = Tooter.h; sourceTree = "<group>"; };
		5CF7C1BB2B508A720037E3A4 /* Player.h */ = {isa = PBXFileReference; lastKnownFileType = sourcecode.c.h; path = Player.h; sourceTree = "<group>"; };
		5CF7C1BC2B508A7C0037E3A4 /* City.h */ = {isa = PBXFileReference; lastKnownFileType = sourcecode.c.h; path = City.h; sourceTree = "<group>"; };
		5CF7C1BD2B508A820037E3A4 /* Game.h */ = {isa = PBXFileReference; lastKnownFileType = sourcecode.c.h; path = Game.h; sourceTree = "<group>"; };
		5CF7C1BF2B50BB5F0037E3A4 /* History.h */ = {isa = PBXFileReference; lastKnownFileType = sourcecode.c.h; path = History.h; sourceTree = "<group>"; };
		5CF7C1C02B50BB6C0037E3A4 /* History.cpp */ = {isa = PBXFileReference; lastKnownFileType = sourcecode.cpp.cpp; path = History.cpp; sourceTree = "<group>"; };
/* End PBXFileReference section */

/* Begin PBXFrameworksBuildPhase section */
		5C478EB72B4FB0F700558EAC /* Frameworks */ = {
			isa = PBXFrameworksBuildPhase;
			buildActionMask = 2147483647;
			files = (
			);
			runOnlyForDeploymentPostprocessing = 0;
		};
/* End PBXFrameworksBuildPhase section */

/* Begin PBXGroup section */
		5C478EB12B4FB0F700558EAC = {
			isa = PBXGroup;
			children = (
				5C478EBC2B4FB0F700558EAC /* Project1 */,
				5C478EBB2B4FB0F700558EAC /* Products */,
			);
			sourceTree = "<group>";
		};
		5C478EBB2B4FB0F700558EAC /* Products */ = {
			isa = PBXGroup;
			children = (
				5C478EBA2B4FB0F700558EAC /* Project1 */,
			);
			name = Products;
			sourceTree = "<group>";
		};
		5C478EBC2B4FB0F700558EAC /* Project1 */ = {
			isa = PBXGroup;
			children = (
				5C478EBD2B4FB0F700558EAC /* main.cpp */,
				5CF7C1AF2B508A0D0037E3A4 /* Tooter.cpp */,
				5CF7C1B22B508A2F0037E3A4 /* Player.cpp */,
				5CF7C1B42B508A3B0037E3A4 /* Game.cpp */,
				5CF7C1B62B508A540037E3A4 /* City.cpp */,
				5CF7C1B82B508A5F0037E3A4 /* utilities.cpp */,
				5CF7C1BA2B508A690037E3A4 /* Tooter.h */,
				5CF7C1BB2B508A720037E3A4 /* Player.h */,
				5CF7C1BC2B508A7C0037E3A4 /* City.h */,
				5CF7C1BD2B508A820037E3A4 /* Game.h */,
				5CF7C1BF2B50BB5F0037E3A4 /* History.h */,
				5CF7C1C02B50BB6C0037E3A4 /* History.cpp */,
				5C1BE8442B50D09B009A58E7 /* globals.h */,
			);
			path = Project1;
			sourceTree = "<group>";
		};
/* End PBXGroup section */

/* Begin PBXNativeTarget section */
		5C478EB92B4FB0F700558EAC /* Project1 */ = {
			isa = PBXNativeTarget;
			buildConfigurationList = 5C478EC12B4FB0F700558EAC /* Build configuration list for PBXNativeTarget "Project1" */;
			buildPhases = (
				5C478EB62B4FB0F700558EAC /* Sources */,
				5C478EB72B4FB0F700558EAC /* Frameworks */,
				5C478EB82B4FB0F700558EAC /* CopyFiles */,
			);
			buildRules = (
			);
			dependencies = (
			);
			name = Project1;
			productName = Project1;
			productReference = 5C478EBA2B4FB0F700558EAC /* Project1 */;
			productType = "com.apple.product-type.tool";
		};
/* End PBXNativeTarget section */

/* Begin PBXProject section */
		5C478EB22B4FB0F700558EAC /* Project object */ = {
			isa = PBXProject;
			attributes = {
				BuildIndependentTargetsInParallel = 1;
				LastUpgradeCheck = 1430;
				TargetAttributes = {
					5C478EB92B4FB0F700558EAC = {
						CreatedOnToolsVersion = 14.3.1;
					};
				};
			};
			buildConfigurationList = 5C478EB52B4FB0F700558EAC /* Build configuration list for PBXProject "Project1" */;
			compatibilityVersion = "Xcode 14.0";
			developmentRegion = en;
			hasScannedForEncodings = 0;
			knownRegions = (
				en,
				Base,
			);
			mainGroup = 5C478EB12B4FB0F700558EAC;
			productRefGroup = 5C478EBB2B4FB0F700558EAC /* Products */;
			projectDirPath = "";
			projectRoot = "";
			targets = (
				5C478EB92B4FB0F700558EAC /* Project1 */,
			);
		};
/* End PBXProject section */

/* Begin PBXSourcesBuildPhase section */
		5C478EB62B4FB0F700558EAC /* Sources */ = {
			isa = PBXSourcesBuildPhase;
			buildActionMask = 2147483647;
			files = (
				5CF7C1B92B508A5F0037E3A4 /* utilities.cpp in Sources */,
				5CF7C1B12B508A0D0037E3A4 /* Tooter.cpp in Sources */,
				5C478EBE2B4FB0F700558EAC /* main.cpp in Sources */,
				5CF7C1B32B508A2F0037E3A4 /* Player.cpp in Sources */,
				5CF7C1B52B508A3B0037E3A4 /* Game.cpp in Sources */,
				5CF7C1B72B508A540037E3A4 /* City.cpp in Sources */,
				5CF7C1C12B50BB6C0037E3A4 /* History.cpp in Sources */,
			);
			runOnlyForDeploymentPostprocessing = 0;
		};
/* End PBXSourcesBuildPhase section */

/* Begin XCBuildConfiguration section */
		5C478EBF2B4FB0F700558EAC /* Debug */ = {
			isa = XCBuildConfiguration;
			buildSettings = {
				ALWAYS_SEARCH_USER_PATHS = NO;
				CLANG_ANALYZER_NONNULL = YES;
				CLANG_ANALYZER_NUMBER_OBJECT_CONVERSION = YES_AGGRESSIVE;
				CLANG_CXX_LANGUAGE_STANDARD = "gnu++20";
				CLANG_ENABLE_MODULES = YES;
				CLANG_ENABLE_OBJC_ARC = YES;
				CLANG_ENABLE_OBJC_WEAK = YES;
				CLANG_WARN_BLOCK_CAPTURE_AUTORELEASING = YES;
				CLANG_WARN_BOOL_CONVERSION = YES;
				CLANG_WARN_COMMA = YES;
				CLANG_WARN_CONSTANT_CONVERSION = YES;
				CLANG_WARN_DEPRECATED_OBJC_IMPLEMENTATIONS = YES;
				CLANG_WARN_DIRECT_OBJC_ISA_USAGE = YES_ERROR;
				CLANG_WARN_DOCUMENTATION_COMMENTS = YES;
				CLANG_WARN_EMPTY_BODY = YES;
				CLANG_WARN_ENUM_CONVERSION = YES;
				CLANG_WARN_INFINITE_RECURSION = YES;
				CLANG_WARN_INT_CONVERSION = YES;
				CLANG_WARN_NON_LITERAL_NULL_CONVERSION = YES;
				CLANG_WARN_OBJC_IMPLICIT_RETAIN_SELF = YES;
				CLANG_WARN_OBJC_LITERAL_CONVERSION = YES;
				CLANG_WARN_OBJC_ROOT_CLASS = YES_ERROR;
				CLANG_WARN_QUOTED_INCLUDE_IN_FRAMEWORK_HEADER = YES;
				CLANG_WARN_RANGE_LOOP_ANALYSIS = YES;
				CLANG_WARN_STRICT_PROTOTYPES = YES;
				CLANG_WARN_SUSPICIOUS_MOVE = YES;
				CLANG_WARN_UNGUARDED_AVAILABILITY = YES_AGGRESSIVE;
				CLANG_WARN_UNREACHABLE_CODE = YES;
				CLANG_WARN__DUPLICATE_METHOD_MATCH = YES;
				COPY_PHASE_STRIP = NO;
				DEBUG_INFORMATION_FORMAT = dwarf;
				ENABLE_STRICT_OBJC_MSGSEND = YES;
				ENABLE_TESTABILITY = YES;
				GCC_C_LANGUAGE_STANDARD = gnu11;
				GCC_DYNAMIC_NO_PIC = NO;
				GCC_NO_COMMON_BLOCKS = YES;
				GCC_OPTIMIZATION_LEVEL = 0;
				GCC_PREPROCESSOR_DEFINITIONS = (
					"DEBUG=1",
					"$(inherited)",
				);
				GCC_WARN_64_TO_32_BIT_CONVERSION = YES;
				GCC_WARN_ABOUT_RETURN_TYPE = YES_ERROR;
				GCC_WARN_UNDECLARED_SELECTOR = YES;
				GCC_WARN_UNINITIALIZED_AUTOS = YES_AGGRESSIVE;
				GCC_WARN_UNUSED_FUNCTION = YES;
				GCC_WARN_UNUSED_VARIABLE = YES;
				MACOSX_DEPLOYMENT_TARGET = 13.1;
				MTL_ENABLE_DEBUG_INFO = INCLUDE_SOURCE;
				MTL_FAST_MATH = YES;
				ONLY_ACTIVE_ARCH = YES;
				SDKROOT = macosx;
			};
			name = Debug;
		};
		5C478EC02B4FB0F700558EAC /* Release */ = {
			isa = XCBuildConfiguration;
			buildSettings = {
				ALWAYS_SEARCH_USER_PATHS = NO;
				CLANG_ANALYZER_NONNULL = YES;
				CLANG_ANALYZER_NUMBER_OBJECT_CONVERSION = YES_AGGRESSIVE;
				CLANG_CXX_LANGUAGE_STANDARD = "gnu++20";
				CLANG_ENABLE_MODULES = YES;
				CLANG_ENABLE_OBJC_ARC = YES;
				CLANG_ENABLE_OBJC_WEAK = YES;
				CLANG_WARN_BLOCK_CAPTURE_AUTORELEASING = YES;
				CLANG_WARN_BOOL_CONVERSION = YES;
				CLANG_WARN_COMMA = YES;
				CLANG_WARN_CONSTANT_CONVERSION = YES;
				CLANG_WARN_DEPRECATED_OBJC_IMPLEMENTATIONS = YES;
				CLANG_WARN_DIRECT_OBJC_ISA_USAGE = YES_ERROR;
				CLANG_WARN_DOCUMENTATION_COMMENTS = YES;
				CLANG_WARN_EMPTY_BODY = YES;
				CLANG_WARN_ENUM_CONVERSION = YES;
				CLANG_WARN_INFINITE_RECURSION = YES;
				CLANG_WARN_INT_CONVERSION = YES;
				CLANG_WARN_NON_LITERAL_NULL_CONVERSION = YES;
				CLANG_WARN_OBJC_IMPLICIT_RETAIN_SELF = YES;
				CLANG_WARN_OBJC_LITERAL_CONVERSION = YES;
				CLANG_WARN_OBJC_ROOT_CLASS = YES_ERROR;
				CLANG_WARN_QUOTED_INCLUDE_IN_FRAMEWORK_HEADER = YES;
				CLANG_WARN_RANGE_LOOP_ANALYSIS = YES;
				CLANG_WARN_STRICT_PROTOTYPES = YES;
				CLANG_WARN_SUSPICIOUS_MOVE = YES;
				CLANG_WARN_UNGUARDED_AVAILABILITY = YES_AGGRESSIVE;
				CLANG_WARN_UNREACHABLE_CODE = YES;
				CLANG_WARN__DUPLICATE_METHOD_MATCH = YES;
				COPY_PHASE_STRIP = NO;
				DEBUG_INFORMATION_FORMAT = "dwarf-with-dsym";
				ENABLE_NS_ASSERTIONS = NO;
				ENABLE_STRICT_OBJC_MSGSEND = YES;
				GCC_C_LANGUAGE_STANDARD = gnu11;
				GCC_NO_COMMON_BLOCKS = YES;
				GCC_WARN_64_TO_32_BIT_CONVERSION = YES;
				GCC_WARN_ABOUT_RETURN_TYPE = YES_ERROR;
				GCC_WARN_UNDECLARED_SELECTOR = YES;
				GCC_WARN_UNINITIALIZED_AUTOS = YES_AGGRESSIVE;
				GCC_WARN_UNUSED_FUNCTION = YES;
				GCC_WARN_UNUSED_VARIABLE = YES;
				MACOSX_DEPLOYMENT_TARGET = 13.1;
				MTL_ENABLE_DEBUG_INFO = NO;
				MTL_FAST_MATH = YES;
				SDKROOT = macosx;
			};
			name = Release;
		};
		5C478EC22B4FB0F700558EAC /* Debug */ = {
			isa = XCBuildConfiguration;
			buildSettings = {
				CODE_SIGN_STYLE = Automatic;
				DEVELOPMENT_TEAM = 52WR2MKJBP;
				ENABLE_HARDENED_RUNTIME = YES;
				PRODUCT_NAME = "$(TARGET_NAME)";
			};
			name = Debug;
		};
		5C478EC32B4FB0F700558EAC /* Release */ = {
			isa = XCBuildConfiguration;
			buildSettings = {
				CODE_SIGN_STYLE = Automatic;
				DEVELOPMENT_TEAM = 52WR2MKJBP;
				ENABLE_HARDENED_RUNTIME = YES;
				PRODUCT_NAME = "$(TARGET_NAME)";
			};
			name = Release;
		};
/* End XCBuildConfiguration section */

/* Begin XCConfigurationList section */
		5C478EB52B4FB0F700558EAC /* Build configuration list for PBXProject "Project1" */ = {
			isa = XCConfigurationList;
			buildConfigurations = (
				5C478EBF2B4FB0F700558EAC /* Debug */,
				5C478EC02B4FB0F700558EAC /* Release */,
			);
			defaultConfigurationIsVisible = 0;
			defaultConfigurationName = Release;
		};
		5C478EC12B4FB0F700558EAC /* Build configuration list for PBXNativeTarget "Project1" */ = {
			isa = XCConfigurationList;
			buildConfigurations = (
				5C478EC22B4FB0F700558EAC /* Debug */,
				5C478EC32B4FB0F700558EAC /* Release */,
			);
			defaultConfigurationIsVisible = 0;
			defaultConfigurationName = Release;
		};
/* End XCConfigurationList section */
	};
	rootObject = 5C478EB22B4FB0F700558EAC /* Project object */;
}
