// !$*UTF8*$!
{
	archiveVersion = 1;
	classes = {
	};
	objectVersion = 56;
	objects = {

/* Begin PBXBuildFile section */
		5C1ABB1E2B54C041005648C1 /* main.cpp in Sources */ = {isa = PBXBuildFile; fileRef = 5C1ABB1D2B54C041005648C1 /* main.cpp */; };
		5C1ABB262B54C05E005648C1 /* History.cpp in Sources */ = {isa = PBXBuildFile; fileRef = 5C1ABB252B54C05E005648C1 /* History.cpp */; };
		5C1ABB2B2B54DA9F005648C1 /* Tooter.cpp in Sources */ = {isa = PBXBuildFile; fileRef = 5C1ABB292B54DA9F005648C1 /* Tooter.cpp */; };
		5C1ABB2D2B54DAF9005648C1 /* Player.cpp in Sources */ = {isa = PBXBuildFile; fileRef = 5C1ABB2C2B54DAF9005648C1 /* Player.cpp */; };
		5C1ABB382B54DC9D005648C1 /* utilities.cpp in Sources */ = {isa = PBXBuildFile; fileRef = 5C1ABB372B54DC9D005648C1 /* utilities.cpp */; };
		5C1ABB3A2B54DEA3005648C1 /* City.cpp in Sources */ = {isa = PBXBuildFile; fileRef = 5C1ABB392B54DEA3005648C1 /* City.cpp */; };
		5C1ABB402B54F63A005648C1 /* Game.cpp in Sources */ = {isa = PBXBuildFile; fileRef = 5C1ABB3F2B54F63A005648C1 /* Game.cpp */; };
/* End PBXBuildFile section */

/* Begin PBXCopyFilesBuildPhase section */
		5C1ABB182B54C041005648C1 /* CopyFiles */ = {
			isa = PBXCopyFilesBuildPhase;
			buildActionMask = 2147483647;
			dstPath = /usr/share/man/man1/;
			dstSubfolderSpec = 0;
			files = (
			);
			runOnlyForDeploymentPostprocessing = 1;
		};
/* End PBXCopyFilesBuildPhase section */

/* Begin PBXFileReference section */
		5C1ABB1A2B54C041005648C1 /* V2 */ = {isa = PBXFileReference; explicitFileType = "compiled.mach-o.executable"; includeInIndex = 0; path = V2; sourceTree = BUILT_PRODUCTS_DIR; };
		5C1ABB1D2B54C041005648C1 /* main.cpp */ = {isa = PBXFileReference; lastKnownFileType = sourcecode.cpp.cpp; path = main.cpp; sourceTree = "<group>"; };
		5C1ABB242B54C053005648C1 /* History.h */ = {isa = PBXFileReference; lastKnownFileType = sourcecode.c.h; path = History.h; sourceTree = "<group>"; };
		5C1ABB252B54C05E005648C1 /* History.cpp */ = {isa = PBXFileReference; lastKnownFileType = sourcecode.cpp.cpp; path = History.cpp; sourceTree = "<group>"; };
		5C1ABB272B54D9FE005648C1 /* globals.h */ = {isa = PBXFileReference; lastKnownFileType = sourcecode.c.h; path = globals.h; sourceTree = "<group>"; };
		5C1ABB282B54DA6D005648C1 /* Tooter.h */ = {isa = PBXFileReference; lastKnownFileType = sourcecode.c.h; path = Tooter.h; sourceTree = "<group>"; };
		5C1ABB292B54DA9F005648C1 /* Tooter.cpp */ = {isa = PBXFileReference; lastKnownFileType = sourcecode.cpp.cpp; path = Tooter.cpp; sourceTree = "<group>"; };
		5C1ABB2C2B54DAF9005648C1 /* Player.cpp */ = {isa = PBXFileReference; lastKnownFileType = sourcecode.cpp.cpp; path = Player.cpp; sourceTree = "<group>"; };
		5C1ABB2E2B54DB16005648C1 /* Player.h */ = {isa = PBXFileReference; lastKnownFileType = sourcecode.c.h; path = Player.h; sourceTree = "<group>"; };
		5C1ABB302B54DB56005648C1 /* City.h */ = {isa = PBXFileReference; lastKnownFileType = sourcecode.c.h; path = City.h; sourceTree = "<group>"; };
		5C1ABB342B54DC0A005648C1 /* Game.h */ = {isa = PBXFileReference; lastKnownFileType = sourcecode.c.h; path = Game.h; sourceTree = "<group>"; };
		5C1ABB372B54DC9D005648C1 /* utilities.cpp */ = {isa = PBXFileReference; lastKnownFileType = sourcecode.cpp.cpp; path = utilities.cpp; sourceTree = "<group>"; };
		5C1ABB392B54DEA3005648C1 /* City.cpp */ = {isa = PBXFileReference; lastKnownFileType = sourcecode.cpp.cpp; path = City.cpp; sourceTree = "<group>"; };
		5C1ABB3F2B54F63A005648C1 /* Game.cpp */ = {isa = PBXFileReference; lastKnownFileType = sourcecode.cpp.cpp; path = Game.cpp; sourceTree = "<group>"; };
/* End PBXFileReference section */

/* Begin PBXFrameworksBuildPhase section */
		5C1ABB172B54C041005648C1 /* Frameworks */ = {
			isa = PBXFrameworksBuildPhase;
			buildActionMask = 2147483647;
			files = (
			);
			runOnlyForDeploymentPostprocessing = 0;
		};
/* End PBXFrameworksBuildPhase section */

/* Begin PBXGroup section */
		5C1ABB112B54C041005648C1 = {
			isa = PBXGroup;
			children = (
				5C1ABB1C2B54C041005648C1 /* V2 */,
				5C1ABB1B2B54C041005648C1 /* Products */,
			);
			sourceTree = "<group>";
		};
		5C1ABB1B2B54C041005648C1 /* Products */ = {
			isa = PBXGroup;
			children = (
				5C1ABB1A2B54C041005648C1 /* V2 */,
			);
			name = Products;
			sourceTree = "<group>";
		};
		5C1ABB1C2B54C041005648C1 /* V2 */ = {
			isa = PBXGroup;
			children = (
				5C1ABB1D2B54C041005648C1 /* main.cpp */,
				5C1ABB242B54C053005648C1 /* History.h */,
				5C1ABB252B54C05E005648C1 /* History.cpp */,
				5C1ABB282B54DA6D005648C1 /* Tooter.h */,
				5C1ABB292B54DA9F005648C1 /* Tooter.cpp */,
				5C1ABB2E2B54DB16005648C1 /* Player.h */,
				5C1ABB2C2B54DAF9005648C1 /* Player.cpp */,
				5C1ABB302B54DB56005648C1 /* City.h */,
				5C1ABB392B54DEA3005648C1 /* City.cpp */,
				5C1ABB342B54DC0A005648C1 /* Game.h */,
				5C1ABB3F2B54F63A005648C1 /* Game.cpp */,
				5C1ABB272B54D9FE005648C1 /* globals.h */,
				5C1ABB372B54DC9D005648C1 /* utilities.cpp */,
			);
			path = V2;
			sourceTree = "<group>";
		};
/* End PBXGroup section */

/* Begin PBXNativeTarget section */
		5C1ABB192B54C041005648C1 /* V2 */ = {
			isa = PBXNativeTarget;
			buildConfigurationList = 5C1ABB212B54C041005648C1 /* Build configuration list for PBXNativeTarget "V2" */;
			buildPhases = (
				5C1ABB162B54C041005648C1 /* Sources */,
				5C1ABB172B54C041005648C1 /* Frameworks */,
				5C1ABB182B54C041005648C1 /* CopyFiles */,
			);
			buildRules = (
			);
			dependencies = (
			);
			name = V2;
			productName = V2;
			productReference = 5C1ABB1A2B54C041005648C1 /* V2 */;
			productType = "com.apple.product-type.tool";
		};
/* End PBXNativeTarget section */

/* Begin PBXProject section */
		5C1ABB122B54C041005648C1 /* Project object */ = {
			isa = PBXProject;
			attributes = {
				BuildIndependentTargetsInParallel = 1;
				LastUpgradeCheck = 1430;
				TargetAttributes = {
					5C1ABB192B54C041005648C1 = {
						CreatedOnToolsVersion = 14.3.1;
					};
				};
			};
			buildConfigurationList = 5C1ABB152B54C041005648C1 /* Build configuration list for PBXProject "V2" */;
			compatibilityVersion = "Xcode 14.0";
			developmentRegion = en;
			hasScannedForEncodings = 0;
			knownRegions = (
				en,
				Base,
			);
			mainGroup = 5C1ABB112B54C041005648C1;
			productRefGroup = 5C1ABB1B2B54C041005648C1 /* Products */;
			projectDirPath = "";
			projectRoot = "";
			targets = (
				5C1ABB192B54C041005648C1 /* V2 */,
			);
		};
/* End PBXProject section */

/* Begin PBXSourcesBuildPhase section */
		5C1ABB162B54C041005648C1 /* Sources */ = {
			isa = PBXSourcesBuildPhase;
			buildActionMask = 2147483647;
			files = (
				5C1ABB2D2B54DAF9005648C1 /* Player.cpp in Sources */,
				5C1ABB2B2B54DA9F005648C1 /* Tooter.cpp in Sources */,
				5C1ABB262B54C05E005648C1 /* History.cpp in Sources */,
				5C1ABB1E2B54C041005648C1 /* main.cpp in Sources */,
				5C1ABB382B54DC9D005648C1 /* utilities.cpp in Sources */,
				5C1ABB3A2B54DEA3005648C1 /* City.cpp in Sources */,
				5C1ABB402B54F63A005648C1 /* Game.cpp in Sources */,
			);
			runOnlyForDeploymentPostprocessing = 0;
		};
/* End PBXSourcesBuildPhase section */

/* Begin XCBuildConfiguration section */
		5C1ABB1F2B54C041005648C1 /* Debug */ = {
			isa = XCBuildConfiguration;
			buildSettings = {
				ALWAYS_SEARCH_USER_PATHS = NO;
				CLANG_ANALYZER_NONNULL = YES;
				CLANG_ANALYZER_NUMBER_OBJECT_CONVERSION = YES_AGGRESSIVE;
				CLANG_CXX_LANGUAGE_STANDARD = "gnu++20";
				CLANG_ENABLE_MODULES = YES;
				CLANG_ENABLE_OBJC_ARC = YES;
				CLANG_ENABLE_OBJC_WEAK = YES;
				CLANG_WARN_BLOCK_CAPTURE_AUTORELEASING = YES;
				CLANG_WARN_BOOL_CONVERSION = YES;
				CLANG_WARN_COMMA = YES;
				CLANG_WARN_CONSTANT_CONVERSION = YES;
				CLANG_WARN_DEPRECATED_OBJC_IMPLEMENTATIONS = YES;
				CLANG_WARN_DIRECT_OBJC_ISA_USAGE = YES_ERROR;
				CLANG_WARN_DOCUMENTATION_COMMENTS = YES;
				CLANG_WARN_EMPTY_BODY = YES;
				CLANG_WARN_ENUM_CONVERSION = YES;
				CLANG_WARN_INFINITE_RECURSION = YES;
				CLANG_WARN_INT_CONVERSION = YES;
				CLANG_WARN_NON_LITERAL_NULL_CONVERSION = YES;
				CLANG_WARN_OBJC_IMPLICIT_RETAIN_SELF = YES;
				CLANG_WARN_OBJC_LITERAL_CONVERSION = YES;
				CLANG_WARN_OBJC_ROOT_CLASS = YES_ERROR;
				CLANG_WARN_QUOTED_INCLUDE_IN_FRAMEWORK_HEADER = YES;
				CLANG_WARN_RANGE_LOOP_ANALYSIS = YES;
				CLANG_WARN_STRICT_PROTOTYPES = YES;
				CLANG_WARN_SUSPICIOUS_MOVE = YES;
				CLANG_WARN_UNGUARDED_AVAILABILITY = YES_AGGRESSIVE;
				CLANG_WARN_UNREACHABLE_CODE = YES;
				CLANG_WARN__DUPLICATE_METHOD_MATCH = YES;
				COPY_PHASE_STRIP = NO;
				DEBUG_INFORMATION_FORMAT = dwarf;
				ENABLE_STRICT_OBJC_MSGSEND = YES;
				ENABLE_TESTABILITY = YES;
				GCC_C_LANGUAGE_STANDARD = gnu11;
				GCC_DYNAMIC_NO_PIC = NO;
				GCC_NO_COMMON_BLOCKS = YES;
				GCC_OPTIMIZATION_LEVEL = 0;
				GCC_PREPROCESSOR_DEFINITIONS = (
					"DEBUG=1",
					"$(inherited)",
				);
				GCC_WARN_64_TO_32_BIT_CONVERSION = YES;
				GCC_WARN_ABOUT_RETURN_TYPE = YES_ERROR;
				GCC_WARN_UNDECLARED_SELECTOR = YES;
				GCC_WARN_UNINITIALIZED_AUTOS = YES_AGGRESSIVE;
				GCC_WARN_UNUSED_FUNCTION = YES;
				GCC_WARN_UNUSED_VARIABLE = YES;
				MACOSX_DEPLOYMENT_TARGET = 13.1;
				MTL_ENABLE_DEBUG_INFO = INCLUDE_SOURCE;
				MTL_FAST_MATH = YES;
				ONLY_ACTIVE_ARCH = YES;
				SDKROOT = macosx;
			};
			name = Debug;
		};
		5C1ABB202B54C041005648C1 /* Release */ = {
			isa = XCBuildConfiguration;
			buildSettings = {
				ALWAYS_SEARCH_USER_PATHS = NO;
				CLANG_ANALYZER_NONNULL = YES;
				CLANG_ANALYZER_NUMBER_OBJECT_CONVERSION = YES_AGGRESSIVE;
				CLANG_CXX_LANGUAGE_STANDARD = "gnu++20";
				CLANG_ENABLE_MODULES = YES;
				CLANG_ENABLE_OBJC_ARC = YES;
				CLANG_ENABLE_OBJC_WEAK = YES;
				CLANG_WARN_BLOCK_CAPTURE_AUTORELEASING = YES;
				CLANG_WARN_BOOL_CONVERSION = YES;
				CLANG_WARN_COMMA = YES;
				CLANG_WARN_CONSTANT_CONVERSION = YES;
				CLANG_WARN_DEPRECATED_OBJC_IMPLEMENTATIONS = YES;
				CLANG_WARN_DIRECT_OBJC_ISA_USAGE = YES_ERROR;
				CLANG_WARN_DOCUMENTATION_COMMENTS = YES;
				CLANG_WARN_EMPTY_BODY = YES;
				CLANG_WARN_ENUM_CONVERSION = YES;
				CLANG_WARN_INFINITE_RECURSION = YES;
				CLANG_WARN_INT_CONVERSION = YES;
				CLANG_WARN_NON_LITERAL_NULL_CONVERSION = YES;
				CLANG_WARN_OBJC_IMPLICIT_RETAIN_SELF = YES;
				CLANG_WARN_OBJC_LITERAL_CONVERSION = YES;
				CLANG_WARN_OBJC_ROOT_CLASS = YES_ERROR;
				CLANG_WARN_QUOTED_INCLUDE_IN_FRAMEWORK_HEADER = YES;
				CLANG_WARN_RANGE_LOOP_ANALYSIS = YES;
				CLANG_WARN_STRICT_PROTOTYPES = YES;
				CLANG_WARN_SUSPICIOUS_MOVE = YES;
				CLANG_WARN_UNGUARDED_AVAILABILITY = YES_AGGRESSIVE;
				CLANG_WARN_UNREACHABLE_CODE = YES;
				CLANG_WARN__DUPLICATE_METHOD_MATCH = YES;
				COPY_PHASE_STRIP = NO;
				DEBUG_INFORMATION_FORMAT = "dwarf-with-dsym";
				ENABLE_NS_ASSERTIONS = NO;
				ENABLE_STRICT_OBJC_MSGSEND = YES;
				GCC_C_LANGUAGE_STANDARD = gnu11;
				GCC_NO_COMMON_BLOCKS = YES;
				GCC_WARN_64_TO_32_BIT_CONVERSION = YES;
				GCC_WARN_ABOUT_RETURN_TYPE = YES_ERROR;
				GCC_WARN_UNDECLARED_SELECTOR = YES;
				GCC_WARN_UNINITIALIZED_AUTOS = YES_AGGRESSIVE;
				GCC_WARN_UNUSED_FUNCTION = YES;
				GCC_WARN_UNUSED_VARIABLE = YES;
				MACOSX_DEPLOYMENT_TARGET = 13.1;
				MTL_ENABLE_DEBUG_INFO = NO;
				MTL_FAST_MATH = YES;
				SDKROOT = macosx;
			};
			name = Release;
		};
		5C1ABB222B54C041005648C1 /* Debug */ = {
			isa = XCBuildConfiguration;
			buildSettings = {
				CODE_SIGN_STYLE = Automatic;
				DEVELOPMENT_TEAM = 52WR2MKJBP;
				ENABLE_HARDENED_RUNTIME = YES;
				PRODUCT_NAME = "$(TARGET_NAME)";
			};
			name = Debug;
		};
		5C1ABB232B54C041005648C1 /* Release */ = {
			isa = XCBuildConfiguration;
			buildSettings = {
				CODE_SIGN_STYLE = Automatic;
				DEVELOPMENT_TEAM = 52WR2MKJBP;
				ENABLE_HARDENED_RUNTIME = YES;
				PRODUCT_NAME = "$(TARGET_NAME)";
			};
			name = Release;
		};
/* End XCBuildConfiguration section */

/* Begin XCConfigurationList section */
		5C1ABB152B54C041005648C1 /* Build configuration list for PBXProject "V2" */ = {
			isa = XCConfigurationList;
			buildConfigurations = (
				5C1ABB1F2B54C041005648C1 /* Debug */,
				5C1ABB202B54C041005648C1 /* Release */,
			);
			defaultConfigurationIsVisible = 0;
			defaultConfigurationName = Release;
		};
		5C1ABB212B54C041005648C1 /* Build configuration list for PBXNativeTarget "V2" */ = {
			isa = XCConfigurationList;
			buildConfigurations = (
				5C1ABB222B54C041005648C1 /* Debug */,
				5C1ABB232B54C041005648C1 /* Release */,
			);
			defaultConfigurationIsVisible = 0;
			defaultConfigurationName = Release;
		};
/* End XCConfigurationList section */
	};
	rootObject = 5C1ABB122B54C041005648C1 /* Project object */;
}
