// !$*UTF8*$!
{
	archiveVersion = 1;
	classes = {
	};
	objectVersion = 56;
	objects = {

/* Begin PBXBuildFile section */
		5C6721FF2B840F980040C20A /* main.cpp in Sources */ = {isa = PBXBuildFile; fileRef = 5C6721FE2B840F980040C20A /* main.cpp */; };
		5C6722072B8413C70040C20A /* Actor.cpp in Sources */ = {isa = PBXBuildFile; fileRef = 5C6722062B8413C70040C20A /* Actor.cpp */; };
		5C67220A2B84144E0040C20A /* GameController.cpp in Sources */ = {isa = PBXBuildFile; fileRef = 5C6722092B84144E0040C20A /* GameController.cpp */; };
		5C67220D2B84148F0040C20A /* GameWorld.cpp in Sources */ = {isa = PBXBuildFile; fileRef = 5C67220C2B84148F0040C20A /* GameWorld.cpp */; };
		5C6722142B84152D0040C20A /* StudentWorld.cpp in Sources */ = {isa = PBXBuildFile; fileRef = 5C6722132B84152D0040C20A /* StudentWorld.cpp */; };
/* End PBXBuildFile section */

/* Begin PBXCopyFilesBuildPhase section */
		5C6721F92B840F980040C20A /* CopyFiles */ = {
			isa = PBXCopyFilesBuildPhase;
			buildActionMask = 2147483647;
			dstPath = /usr/share/man/man1/;
			dstSubfolderSpec = 0;
			files = (
			);
			runOnlyForDeploymentPostprocessing = 1;
		};
/* End PBXCopyFilesBuildPhase section */

/* Begin PBXFileReference section */
		5C6721FB2B840F980040C20A /* Project3V1 */ = {isa = PBXFileReference; explicitFileType = "compiled.mach-o.executable"; includeInIndex = 0; path = Project3V1; sourceTree = BUILT_PRODUCTS_DIR; };
		5C6721FE2B840F980040C20A /* main.cpp */ = {isa = PBXFileReference; lastKnownFileType = sourcecode.cpp.cpp; path = main.cpp; sourceTree = "<group>"; };
		5C6722052B8410510040C20A /* Actor.h */ = {isa = PBXFileReference; lastKnownFileType = sourcecode.c.h; path = Actor.h; sourceTree = "<group>"; };
		5C6722062B8413C70040C20A /* Actor.cpp */ = {isa = PBXFileReference; lastKnownFileType = sourcecode.cpp.cpp; path = Actor.cpp; sourceTree = "<group>"; };
		5C6722082B8414220040C20A /* GameConstants.h */ = {isa = PBXFileReference; lastKnownFileType = sourcecode.c.h; path = GameConstants.h; sourceTree = "<group>"; };
		5C6722092B84144E0040C20A /* GameController.cpp */ = {isa = PBXFileReference; lastKnownFileType = sourcecode.cpp.cpp; path = GameController.cpp; sourceTree = "<group>"; };
		5C67220B2B8414700040C20A /* GameController.h */ = {isa = PBXFileReference; lastKnownFileType = sourcecode.c.h; path = GameController.h; sourceTree = "<group>"; };
		5C67220C2B84148F0040C20A /* GameWorld.cpp */ = {isa = PBXFileReference; lastKnownFileType = sourcecode.cpp.cpp; path = GameWorld.cpp; sourceTree = "<group>"; };
		5C67220E2B8414AD0040C20A /* GameWorld.h */ = {isa = PBXFileReference; lastKnownFileType = sourcecode.c.h; path = GameWorld.h; sourceTree = "<group>"; };
		5C67220F2B8414C80040C20A /* GraphObject.h */ = {isa = PBXFileReference; lastKnownFileType = sourcecode.c.h; path = GraphObject.h; sourceTree = "<group>"; };
		5C6722102B8414DB0040C20A /* Level.h */ = {isa = PBXFileReference; lastKnownFileType = sourcecode.c.h; path = Level.h; sourceTree = "<group>"; };
		5C6722112B8414FA0040C20A /* SoundFX.h */ = {isa = PBXFileReference; lastKnownFileType = sourcecode.c.h; path = SoundFX.h; sourceTree = "<group>"; };
		5C6722122B8415100040C20A /* SpriteManager.h */ = {isa = PBXFileReference; lastKnownFileType = sourcecode.c.h; path = SpriteManager.h; sourceTree = "<group>"; };
		5C6722132B84152D0040C20A /* StudentWorld.cpp */ = {isa = PBXFileReference; lastKnownFileType = sourcecode.cpp.cpp; path = StudentWorld.cpp; sourceTree = "<group>"; };
		5C6722152B84154A0040C20A /* StudentWorld.h */ = {isa = PBXFileReference; lastKnownFileType = sourcecode.c.h; path = StudentWorld.h; sourceTree = "<group>"; };
/* End PBXFileReference section */

/* Begin PBXFrameworksBuildPhase section */
		5C6721F82B840F980040C20A /* Frameworks */ = {
			isa = PBXFrameworksBuildPhase;
			buildActionMask = 2147483647;
			files = (
			);
			runOnlyForDeploymentPostprocessing = 0;
		};
/* End PBXFrameworksBuildPhase section */

/* Begin PBXGroup section */
		5C6721F22B840F970040C20A = {
			isa = PBXGroup;
			children = (
				5C6721FD2B840F980040C20A /* Project3V1 */,
				5C6721FC2B840F980040C20A /* Products */,
			);
			sourceTree = "<group>";
		};
		5C6721FC2B840F980040C20A /* Products */ = {
			isa = PBXGroup;
			children = (
				5C6721FB2B840F980040C20A /* Project3V1 */,
			);
			name = Products;
			sourceTree = "<group>";
		};
		5C6721FD2B840F980040C20A /* Project3V1 */ = {
			isa = PBXGroup;
			children = (
				5C6721FE2B840F980040C20A /* main.cpp */,
				5C6722052B8410510040C20A /* Actor.h */,
				5C6722062B8413C70040C20A /* Actor.cpp */,
				5C6722152B84154A0040C20A /* StudentWorld.h */,
				5C6722132B84152D0040C20A /* StudentWorld.cpp */,
				5C6722082B8414220040C20A /* GameConstants.h */,
				5C6722092B84144E0040C20A /* GameController.cpp */,
				5C67220B2B8414700040C20A /* GameController.h */,
				5C67220C2B84148F0040C20A /* GameWorld.cpp */,
				5C67220E2B8414AD0040C20A /* GameWorld.h */,
				5C67220F2B8414C80040C20A /* GraphObject.h */,
				5C6722102B8414DB0040C20A /* Level.h */,
				5C6722112B8414FA0040C20A /* SoundFX.h */,
				5C6722122B8415100040C20A /* SpriteManager.h */,
			);
			path = Project3V1;
			sourceTree = "<group>";
		};
/* End PBXGroup section */

/* Begin PBXNativeTarget section */
		5C6721FA2B840F980040C20A /* Project3V1 */ = {
			isa = PBXNativeTarget;
			buildConfigurationList = 5C6722022B840F980040C20A /* Build configuration list for PBXNativeTarget "Project3V1" */;
			buildPhases = (
				5C6721F72B840F980040C20A /* Sources */,
				5C6721F82B840F980040C20A /* Frameworks */,
				5C6721F92B840F980040C20A /* CopyFiles */,
			);
			buildRules = (
			);
			dependencies = (
			);
			name = Project3V1;
			productName = Project3V1;
			productReference = 5C6721FB2B840F980040C20A /* Project3V1 */;
			productType = "com.apple.product-type.tool";
		};
/* End PBXNativeTarget section */

/* Begin PBXProject section */
		5C6721F32B840F970040C20A /* Project object */ = {
			isa = PBXProject;
			attributes = {
				BuildIndependentTargetsInParallel = 1;
				LastUpgradeCheck = 1430;
				TargetAttributes = {
					5C6721FA2B840F980040C20A = {
						CreatedOnToolsVersion = 14.3.1;
					};
				};
			};
			buildConfigurationList = 5C6721F62B840F970040C20A /* Build configuration list for PBXProject "Project3V1" */;
			compatibilityVersion = "Xcode 14.0";
			developmentRegion = en;
			hasScannedForEncodings = 0;
			knownRegions = (
				en,
				Base,
			);
			mainGroup = 5C6721F22B840F970040C20A;
			productRefGroup = 5C6721FC2B840F980040C20A /* Products */;
			projectDirPath = "";
			projectRoot = "";
			targets = (
				5C6721FA2B840F980040C20A /* Project3V1 */,
			);
		};
/* End PBXProject section */

/* Begin PBXSourcesBuildPhase section */
		5C6721F72B840F980040C20A /* Sources */ = {
			isa = PBXSourcesBuildPhase;
			buildActionMask = 2147483647;
			files = (
				5C67220D2B84148F0040C20A /* GameWorld.cpp in Sources */,
				5C6722142B84152D0040C20A /* StudentWorld.cpp in Sources */,
				5C6721FF2B840F980040C20A /* main.cpp in Sources */,
				5C67220A2B84144E0040C20A /* GameController.cpp in Sources */,
				5C6722072B8413C70040C20A /* Actor.cpp in Sources */,
			);
			runOnlyForDeploymentPostprocessing = 0;
		};
/* End PBXSourcesBuildPhase section */

/* Begin XCBuildConfiguration section */
		5C6722002B840F980040C20A /* Debug */ = {
			isa = XCBuildConfiguration;
			buildSettings = {
				ALWAYS_SEARCH_USER_PATHS = NO;
				CLANG_ANALYZER_NONNULL = YES;
				CLANG_ANALYZER_NUMBER_OBJECT_CONVERSION = YES_AGGRESSIVE;
				CLANG_CXX_LANGUAGE_STANDARD = "gnu++20";
				CLANG_ENABLE_MODULES = YES;
				CLANG_ENABLE_OBJC_ARC = YES;
				CLANG_ENABLE_OBJC_WEAK = YES;
				CLANG_WARN_BLOCK_CAPTURE_AUTORELEASING = YES;
				CLANG_WARN_BOOL_CONVERSION = YES;
				CLANG_WARN_COMMA = YES;
				CLANG_WARN_CONSTANT_CONVERSION = YES;
				CLANG_WARN_DEPRECATED_OBJC_IMPLEMENTATIONS = YES;
				CLANG_WARN_DIRECT_OBJC_ISA_USAGE = YES_ERROR;
				CLANG_WARN_DOCUMENTATION_COMMENTS = YES;
				CLANG_WARN_EMPTY_BODY = YES;
				CLANG_WARN_ENUM_CONVERSION = YES;
				CLANG_WARN_INFINITE_RECURSION = YES;
				CLANG_WARN_INT_CONVERSION = YES;
				CLANG_WARN_NON_LITERAL_NULL_CONVERSION = YES;
				CLANG_WARN_OBJC_IMPLICIT_RETAIN_SELF = YES;
				CLANG_WARN_OBJC_LITERAL_CONVERSION = YES;
				CLANG_WARN_OBJC_ROOT_CLASS = YES_ERROR;
				CLANG_WARN_QUOTED_INCLUDE_IN_FRAMEWORK_HEADER = YES;
				CLANG_WARN_RANGE_LOOP_ANALYSIS = YES;
				CLANG_WARN_STRICT_PROTOTYPES = YES;
				CLANG_WARN_SUSPICIOUS_MOVE = YES;
				CLANG_WARN_UNGUARDED_AVAILABILITY = YES_AGGRESSIVE;
				CLANG_WARN_UNREACHABLE_CODE = YES;
				CLANG_WARN__DUPLICATE_METHOD_MATCH = YES;
				COPY_PHASE_STRIP = NO;
				DEBUG_INFORMATION_FORMAT = dwarf;
				ENABLE_STRICT_OBJC_MSGSEND = YES;
				ENABLE_TESTABILITY = YES;
				GCC_C_LANGUAGE_STANDARD = gnu11;
				GCC_DYNAMIC_NO_PIC = NO;
				GCC_NO_COMMON_BLOCKS = YES;
				GCC_OPTIMIZATION_LEVEL = 0;
				GCC_PREPROCESSOR_DEFINITIONS = (
					"DEBUG=1",
					"$(inherited)",
				);
				GCC_WARN_64_TO_32_BIT_CONVERSION = YES;
				GCC_WARN_ABOUT_RETURN_TYPE = YES_ERROR;
				GCC_WARN_UNDECLARED_SELECTOR = YES;
				GCC_WARN_UNINITIALIZED_AUTOS = YES_AGGRESSIVE;
				GCC_WARN_UNUSED_FUNCTION = YES;
				GCC_WARN_UNUSED_VARIABLE = YES;
				MACOSX_DEPLOYMENT_TARGET = 13.1;
				MTL_ENABLE_DEBUG_INFO = INCLUDE_SOURCE;
				MTL_FAST_MATH = YES;
				ONLY_ACTIVE_ARCH = YES;
				SDKROOT = macosx;
			};
			name = Debug;
		};
		5C6722012B840F980040C20A /* Release */ = {
			isa = XCBuildConfiguration;
			buildSettings = {
				ALWAYS_SEARCH_USER_PATHS = NO;
				CLANG_ANALYZER_NONNULL = YES;
				CLANG_ANALYZER_NUMBER_OBJECT_CONVERSION = YES_AGGRESSIVE;
				CLANG_CXX_LANGUAGE_STANDARD = "gnu++20";
				CLANG_ENABLE_MODULES = YES;
				CLANG_ENABLE_OBJC_ARC = YES;
				CLANG_ENABLE_OBJC_WEAK = YES;
				CLANG_WARN_BLOCK_CAPTURE_AUTORELEASING = YES;
				CLANG_WARN_BOOL_CONVERSION = YES;
				CLANG_WARN_COMMA = YES;
				CLANG_WARN_CONSTANT_CONVERSION = YES;
				CLANG_WARN_DEPRECATED_OBJC_IMPLEMENTATIONS = YES;
				CLANG_WARN_DIRECT_OBJC_ISA_USAGE = YES_ERROR;
				CLANG_WARN_DOCUMENTATION_COMMENTS = YES;
				CLANG_WARN_EMPTY_BODY = YES;
				CLANG_WARN_ENUM_CONVERSION = YES;
				CLANG_WARN_INFINITE_RECURSION = YES;
				CLANG_WARN_INT_CONVERSION = YES;
				CLANG_WARN_NON_LITERAL_NULL_CONVERSION = YES;
				CLANG_WARN_OBJC_IMPLICIT_RETAIN_SELF = YES;
				CLANG_WARN_OBJC_LITERAL_CONVERSION = YES;
				CLANG_WARN_OBJC_ROOT_CLASS = YES_ERROR;
				CLANG_WARN_QUOTED_INCLUDE_IN_FRAMEWORK_HEADER = YES;
				CLANG_WARN_RANGE_LOOP_ANALYSIS = YES;
				CLANG_WARN_STRICT_PROTOTYPES = YES;
				CLANG_WARN_SUSPICIOUS_MOVE = YES;
				CLANG_WARN_UNGUARDED_AVAILABILITY = YES_AGGRESSIVE;
				CLANG_WARN_UNREACHABLE_CODE = YES;
				CLANG_WARN__DUPLICATE_METHOD_MATCH = YES;
				COPY_PHASE_STRIP = NO;
				DEBUG_INFORMATION_FORMAT = "dwarf-with-dsym";
				ENABLE_NS_ASSERTIONS = NO;
				ENABLE_STRICT_OBJC_MSGSEND = YES;
				GCC_C_LANGUAGE_STANDARD = gnu11;
				GCC_NO_COMMON_BLOCKS = YES;
				GCC_WARN_64_TO_32_BIT_CONVERSION = YES;
				GCC_WARN_ABOUT_RETURN_TYPE = YES_ERROR;
				GCC_WARN_UNDECLARED_SELECTOR = YES;
				GCC_WARN_UNINITIALIZED_AUTOS = YES_AGGRESSIVE;
				GCC_WARN_UNUSED_FUNCTION = YES;
				GCC_WARN_UNUSED_VARIABLE = YES;
				MACOSX_DEPLOYMENT_TARGET = 13.1;
				MTL_ENABLE_DEBUG_INFO = NO;
				MTL_FAST_MATH = YES;
				SDKROOT = macosx;
			};
			name = Release;
		};
		5C6722032B840F980040C20A /* Debug */ = {
			isa = XCBuildConfiguration;
			buildSettings = {
				CODE_SIGN_STYLE = Automatic;
				DEVELOPMENT_TEAM = 52WR2MKJBP;
				ENABLE_HARDENED_RUNTIME = YES;
				PRODUCT_NAME = "$(TARGET_NAME)";
			};
			name = Debug;
		};
		5C6722042B840F980040C20A /* Release */ = {
			isa = XCBuildConfiguration;
			buildSettings = {
				CODE_SIGN_STYLE = Automatic;
				DEVELOPMENT_TEAM = 52WR2MKJBP;
				ENABLE_HARDENED_RUNTIME = YES;
				PRODUCT_NAME = "$(TARGET_NAME)";
			};
			name = Release;
		};
/* End XCBuildConfiguration section */

/* Begin XCConfigurationList section */
		5C6721F62B840F970040C20A /* Build configuration list for PBXProject "Project3V1" */ = {
			isa = XCConfigurationList;
			buildConfigurations = (
				5C6722002B840F980040C20A /* Debug */,
				5C6722012B840F980040C20A /* Release */,
			);
			defaultConfigurationIsVisible = 0;
			defaultConfigurationName = Release;
		};
		5C6722022B840F980040C20A /* Build configuration list for PBXNativeTarget "Project3V1" */ = {
			isa = XCConfigurationList;
			buildConfigurations = (
				5C6722032B840F980040C20A /* Debug */,
				5C6722042B840F980040C20A /* Release */,
			);
			defaultConfigurationIsVisible = 0;
			defaultConfigurationName = Release;
		};
/* End XCConfigurationList section */
	};
	rootObject = 5C6721F32B840F970040C20A /* Project object */;
}
